
Microsoft Visual Studio Solution File, Format Version 12.00
# Visual Studio Version 16
VisualStudioVersion = 16.0.31702.278
MinimumVisualStudioVersion = 10.0.40219.1
Project("{FAE04EC0-301F-11D3-BF4B-00C04F79EFBC}") = "task3", "task3.csproj", "{31A4556A-B614-41A2-BCF8-B38160ABB517}"
EndProject
Global
	GlobalSection(SolutionConfigurationPlatforms) = preSolution
		Debug|Any CPU = Debug|Any CPU
		Release|Any CPU = Release|Any CPU
	EndGlobalSection
	GlobalSection(ProjectConfigurationPlatforms) = postSolution
		{31A4556A-B614-41A2-BCF8-B38160ABB517}.Debug|Any CPU.ActiveCfg = Debug|Any CPU
		{31A4556A-B614-41A2-BCF8-B38160ABB517}.Debug|Any CPU.Build.0 = Debug|Any CPU
		{31A4556A-B614-41A2-BCF8-B38160ABB517}.Release|Any CPU.ActiveCfg = Release|Any CPU
		{31A4556A-B614-41A2-BCF8-B38160ABB517}.Release|Any CPU.Build.0 = Release|Any CPU
	EndGlobalSection
	GlobalSection(SolutionProperties) = preSolution
		HideSolutionNode = FALSE
	EndGlobalSection
	GlobalSection(ExtensibilityGlobals) = postSolution
		SolutionGuid = {E414F481-2FB7-4AEF-B336-5DB919CC566B}
	EndGlobalSection
EndGlobal
