
Microsoft Visual Studio Solution File, Format Version 12.00
# Visual Studio Version 16
VisualStudioVersion = 16.0.31702.278
MinimumVisualStudioVersion = 10.0.40219.1
Project("{FAE04EC0-301F-11D3-BF4B-00C04F79EFBC}") = "task4", "task4.csproj", "{78208FE2-52F1-4B0C-AB02-A5606392031D}"
EndProject
Global
	GlobalSection(SolutionConfigurationPlatforms) = preSolution
		Debug|Any CPU = Debug|Any CPU
		Release|Any CPU = Release|Any CPU
	EndGlobalSection
	GlobalSection(ProjectConfigurationPlatforms) = postSolution
		{78208FE2-52F1-4B0C-AB02-A5606392031D}.Debug|Any CPU.ActiveCfg = Debug|Any CPU
		{78208FE2-52F1-4B0C-AB02-A5606392031D}.Debug|Any CPU.Build.0 = Debug|Any CPU
		{78208FE2-52F1-4B0C-AB02-A5606392031D}.Release|Any CPU.ActiveCfg = Release|Any CPU
		{78208FE2-52F1-4B0C-AB02-A5606392031D}.Release|Any CPU.Build.0 = Release|Any CPU
	EndGlobalSection
	GlobalSection(SolutionProperties) = preSolution
		HideSolutionNode = FALSE
	EndGlobalSection
	GlobalSection(ExtensibilityGlobals) = postSolution
		SolutionGuid = {AB1848FD-5BF1-4329-BA4B-FEF4AE44524E}
	EndGlobalSection
EndGlobal
