
Microsoft Visual Studio Solution File, Format Version 12.00
# Visual Studio Version 16
VisualStudioVersion = 16.0.31702.278
MinimumVisualStudioVersion = 10.0.40219.1
Project("{FAE04EC0-301F-11D3-BF4B-00C04F79EFBC}") = "task2", "task2.csproj", "{A259E062-8CB3-4C8B-A063-366ACFCB3453}"
EndProject
Global
	GlobalSection(SolutionConfigurationPlatforms) = preSolution
		Debug|Any CPU = Debug|Any CPU
		Release|Any CPU = Release|Any CPU
	EndGlobalSection
	GlobalSection(ProjectConfigurationPlatforms) = postSolution
		{A259E062-8CB3-4C8B-A063-366ACFCB3453}.Debug|Any CPU.ActiveCfg = Debug|Any CPU
		{A259E062-8CB3-4C8B-A063-366ACFCB3453}.Debug|Any CPU.Build.0 = Debug|Any CPU
		{A259E062-8CB3-4C8B-A063-366ACFCB3453}.Release|Any CPU.ActiveCfg = Release|Any CPU
		{A259E062-8CB3-4C8B-A063-366ACFCB3453}.Release|Any CPU.Build.0 = Release|Any CPU
	EndGlobalSection
	GlobalSection(SolutionProperties) = preSolution
		HideSolutionNode = FALSE
	EndGlobalSection
	GlobalSection(ExtensibilityGlobals) = postSolution
		SolutionGuid = {4911361A-F65D-4241-AE3A-8A5ED8AA6437}
	EndGlobalSection
EndGlobal
