
Microsoft Visual Studio Solution File, Format Version 12.00
# Visual Studio Version 16
VisualStudioVersion = 16.0.31702.278
MinimumVisualStudioVersion = 10.0.40219.1
Project("{FAE04EC0-301F-11D3-BF4B-00C04F79EFBC}") = "task1", "task1.csproj", "{7355AB56-C702-465F-AC91-A05667786E9B}"
EndProject
Global
	GlobalSection(SolutionConfigurationPlatforms) = preSolution
		Debug|Any CPU = Debug|Any CPU
		Release|Any CPU = Release|Any CPU
	EndGlobalSection
	GlobalSection(ProjectConfigurationPlatforms) = postSolution
		{7355AB56-C702-465F-AC91-A05667786E9B}.Debug|Any CPU.ActiveCfg = Debug|Any CPU
		{7355AB56-C702-465F-AC91-A05667786E9B}.Debug|Any CPU.Build.0 = Debug|Any CPU
		{7355AB56-C702-465F-AC91-A05667786E9B}.Release|Any CPU.ActiveCfg = Release|Any CPU
		{7355AB56-C702-465F-AC91-A05667786E9B}.Release|Any CPU.Build.0 = Release|Any CPU
	EndGlobalSection
	GlobalSection(SolutionProperties) = preSolution
		HideSolutionNode = FALSE
	EndGlobalSection
	GlobalSection(ExtensibilityGlobals) = postSolution
		SolutionGuid = {E4FBF8C8-2162-47BA-BDC7-719E57C318E1}
	EndGlobalSection
EndGlobal
