
Microsoft Visual Studio Solution File, Format Version 12.00
# Visual Studio Version 16
VisualStudioVersion = 16.0.31702.278
MinimumVisualStudioVersion = 10.0.40219.1
Project("{FAE04EC0-301F-11D3-BF4B-00C04F79EFBC}") = "task2", "task2.csproj", "{9F5A69BB-6951-451A-8042-259040A3227E}"
EndProject
Global
	GlobalSection(SolutionConfigurationPlatforms) = preSolution
		Debug|Any CPU = Debug|Any CPU
		Release|Any CPU = Release|Any CPU
	EndGlobalSection
	GlobalSection(ProjectConfigurationPlatforms) = postSolution
		{9F5A69BB-6951-451A-8042-259040A3227E}.Debug|Any CPU.ActiveCfg = Debug|Any CPU
		{9F5A69BB-6951-451A-8042-259040A3227E}.Debug|Any CPU.Build.0 = Debug|Any CPU
		{9F5A69BB-6951-451A-8042-259040A3227E}.Release|Any CPU.ActiveCfg = Release|Any CPU
		{9F5A69BB-6951-451A-8042-259040A3227E}.Release|Any CPU.Build.0 = Release|Any CPU
	EndGlobalSection
	GlobalSection(SolutionProperties) = preSolution
		HideSolutionNode = FALSE
	EndGlobalSection
	GlobalSection(ExtensibilityGlobals) = postSolution
		SolutionGuid = {D972E29E-B372-4A80-92B8-4BA8C576C278}
	EndGlobalSection
EndGlobal
