
Microsoft Visual Studio Solution File, Format Version 12.00
# Visual Studio Version 16
VisualStudioVersion = 16.0.31702.278
MinimumVisualStudioVersion = 10.0.40219.1
Project("{FAE04EC0-301F-11D3-BF4B-00C04F79EFBC}") = "task1", "task1.csproj", "{B9F28424-276E-41BF-9867-68776851F8E3}"
EndProject
Global
	GlobalSection(SolutionConfigurationPlatforms) = preSolution
		Debug|Any CPU = Debug|Any CPU
		Release|Any CPU = Release|Any CPU
	EndGlobalSection
	GlobalSection(ProjectConfigurationPlatforms) = postSolution
		{B9F28424-276E-41BF-9867-68776851F8E3}.Debug|Any CPU.ActiveCfg = Debug|Any CPU
		{B9F28424-276E-41BF-9867-68776851F8E3}.Debug|Any CPU.Build.0 = Debug|Any CPU
		{B9F28424-276E-41BF-9867-68776851F8E3}.Release|Any CPU.ActiveCfg = Release|Any CPU
		{B9F28424-276E-41BF-9867-68776851F8E3}.Release|Any CPU.Build.0 = Release|Any CPU
	EndGlobalSection
	GlobalSection(SolutionProperties) = preSolution
		HideSolutionNode = FALSE
	EndGlobalSection
	GlobalSection(ExtensibilityGlobals) = postSolution
		SolutionGuid = {BC13FB4F-DDF7-4233-A96E-7509C7BD83ED}
	EndGlobalSection
EndGlobal
