
Microsoft Visual Studio Solution File, Format Version 12.00
# Visual Studio Version 16
VisualStudioVersion = 16.0.31702.278
MinimumVisualStudioVersion = 10.0.40219.1
Project("{FAE04EC0-301F-11D3-BF4B-00C04F79EFBC}") = "task3", "task3.csproj", "{834A0DED-6269-4C64-ADBA-3A5EB44FD5C8}"
EndProject
Global
	GlobalSection(SolutionConfigurationPlatforms) = preSolution
		Debug|Any CPU = Debug|Any CPU
		Release|Any CPU = Release|Any CPU
	EndGlobalSection
	GlobalSection(ProjectConfigurationPlatforms) = postSolution
		{834A0DED-6269-4C64-ADBA-3A5EB44FD5C8}.Debug|Any CPU.ActiveCfg = Debug|Any CPU
		{834A0DED-6269-4C64-ADBA-3A5EB44FD5C8}.Debug|Any CPU.Build.0 = Debug|Any CPU
		{834A0DED-6269-4C64-ADBA-3A5EB44FD5C8}.Release|Any CPU.ActiveCfg = Release|Any CPU
		{834A0DED-6269-4C64-ADBA-3A5EB44FD5C8}.Release|Any CPU.Build.0 = Release|Any CPU
	EndGlobalSection
	GlobalSection(SolutionProperties) = preSolution
		HideSolutionNode = FALSE
	EndGlobalSection
	GlobalSection(ExtensibilityGlobals) = postSolution
		SolutionGuid = {F96B969C-47B4-47F3-98F7-60737C5FE9DC}
	EndGlobalSection
EndGlobal
