
Microsoft Visual Studio Solution File, Format Version 12.00
# Visual Studio Version 16
VisualStudioVersion = 16.0.31702.278
MinimumVisualStudioVersion = 10.0.40219.1
Project("{FAE04EC0-301F-11D3-BF4B-00C04F79EFBC}") = "task1", "task1.csproj", "{305D227F-4675-4217-9500-55097B86D145}"
EndProject
Global
	GlobalSection(SolutionConfigurationPlatforms) = preSolution
		Debug|Any CPU = Debug|Any CPU
		Release|Any CPU = Release|Any CPU
	EndGlobalSection
	GlobalSection(ProjectConfigurationPlatforms) = postSolution
		{305D227F-4675-4217-9500-55097B86D145}.Debug|Any CPU.ActiveCfg = Debug|Any CPU
		{305D227F-4675-4217-9500-55097B86D145}.Debug|Any CPU.Build.0 = Debug|Any CPU
		{305D227F-4675-4217-9500-55097B86D145}.Release|Any CPU.ActiveCfg = Release|Any CPU
		{305D227F-4675-4217-9500-55097B86D145}.Release|Any CPU.Build.0 = Release|Any CPU
	EndGlobalSection
	GlobalSection(SolutionProperties) = preSolution
		HideSolutionNode = FALSE
	EndGlobalSection
	GlobalSection(ExtensibilityGlobals) = postSolution
		SolutionGuid = {A4560FEE-5E88-4B3A-9B34-76D6F7BBAEF5}
	EndGlobalSection
EndGlobal
