
Microsoft Visual Studio Solution File, Format Version 12.00
# Visual Studio Version 16
VisualStudioVersion = 16.0.31702.278
MinimumVisualStudioVersion = 10.0.40219.1
Project("{FAE04EC0-301F-11D3-BF4B-00C04F79EFBC}") = "task1", "task1.csproj", "{CCF13871-03DC-4413-AAC0-7276908583F1}"
EndProject
Global
	GlobalSection(SolutionConfigurationPlatforms) = preSolution
		Debug|Any CPU = Debug|Any CPU
		Release|Any CPU = Release|Any CPU
	EndGlobalSection
	GlobalSection(ProjectConfigurationPlatforms) = postSolution
		{CCF13871-03DC-4413-AAC0-7276908583F1}.Debug|Any CPU.ActiveCfg = Debug|Any CPU
		{CCF13871-03DC-4413-AAC0-7276908583F1}.Debug|Any CPU.Build.0 = Debug|Any CPU
		{CCF13871-03DC-4413-AAC0-7276908583F1}.Release|Any CPU.ActiveCfg = Release|Any CPU
		{CCF13871-03DC-4413-AAC0-7276908583F1}.Release|Any CPU.Build.0 = Release|Any CPU
	EndGlobalSection
	GlobalSection(SolutionProperties) = preSolution
		HideSolutionNode = FALSE
	EndGlobalSection
	GlobalSection(ExtensibilityGlobals) = postSolution
		SolutionGuid = {9C75345D-8638-4C6E-AA25-84F583607350}
	EndGlobalSection
EndGlobal
